
Microsoft Visual Studio Solution File, Format Version 10.00
# Visual C++ Express 2008
Project("{8BC9CEB8-8B4A-11D0-8D11-00A0C91BC942}") = "Chapter6p3_arrayLoop", "Chapter6p3_arrayLoop\Chapter6p3_arrayLoop.vcproj", "{43371E81-5961-4DF3-B2B0-0CB8897D5C44}"
EndProject
Global
	GlobalSection(SolutionConfigurationPlatforms) = preSolution
		Debug|Win32 = Debug|Win32
		Release|Win32 = Release|Win32
	EndGlobalSection
	GlobalSection(ProjectConfigurationPlatforms) = postSolution
		{43371E81-5961-4DF3-B2B0-0CB8897D5C44}.Debug|Win32.ActiveCfg = Debug|Win32
		{43371E81-5961-4DF3-B2B0-0CB8897D5C44}.Debug|Win32.Build.0 = Debug|Win32
		{43371E81-5961-4DF3-B2B0-0CB8897D5C44}.Release|Win32.ActiveCfg = Release|Win32
		{43371E81-5961-4DF3-B2B0-0CB8897D5C44}.Release|Win32.Build.0 = Release|Win32
	EndGlobalSection
	GlobalSection(SolutionProperties) = preSolution
		HideSolutionNode = FALSE
	EndGlobalSection
EndGlobal
