
Microsoft Visual Studio Solution File, Format Version 12.00
# Visual Studio 15
VisualStudioVersion = 15.0.27004.2006
MinimumVisualStudioVersion = 10.0.40219.1
Project("{8BC9CEB8-8B4A-11D0-8D11-00A0C91BC942}") = "Chapter4p4b_Strings", "Chapter4p4b_Strings\Chapter4p4b_Strings.vcxproj", "{F57ACF73-1728-4355-9CEB-AD6CED8740AC}"
EndProject
Global
	GlobalSection(SolutionConfigurationPlatforms) = preSolution
		Debug|x64 = Debug|x64
		Debug|x86 = Debug|x86
		Release|x64 = Release|x64
		Release|x86 = Release|x86
	EndGlobalSection
	GlobalSection(ProjectConfigurationPlatforms) = postSolution
		{F57ACF73-1728-4355-9CEB-AD6CED8740AC}.Debug|x64.ActiveCfg = Debug|x64
		{F57ACF73-1728-4355-9CEB-AD6CED8740AC}.Debug|x64.Build.0 = Debug|x64
		{F57ACF73-1728-4355-9CEB-AD6CED8740AC}.Debug|x86.ActiveCfg = Debug|Win32
		{F57ACF73-1728-4355-9CEB-AD6CED8740AC}.Debug|x86.Build.0 = Debug|Win32
		{F57ACF73-1728-4355-9CEB-AD6CED8740AC}.Release|x64.ActiveCfg = Release|x64
		{F57ACF73-1728-4355-9CEB-AD6CED8740AC}.Release|x64.Build.0 = Release|x64
		{F57ACF73-1728-4355-9CEB-AD6CED8740AC}.Release|x86.ActiveCfg = Release|Win32
		{F57ACF73-1728-4355-9CEB-AD6CED8740AC}.Release|x86.Build.0 = Release|Win32
	EndGlobalSection
	GlobalSection(SolutionProperties) = preSolution
		HideSolutionNode = FALSE
	EndGlobalSection
	GlobalSection(ExtensibilityGlobals) = postSolution
		SolutionGuid = {7DAA84A7-0F98-4D20-8BC3-D0E13548D74F}
	EndGlobalSection
EndGlobal
