
Microsoft Visual Studio Solution File, Format Version 10.00
# Visual C++ Express 2008
Project("{8BC9CEB8-8B4A-11D0-8D11-00A0C91BC942}") = "Chapter6px_Ex2", "Chapter6px_Ex2\Chapter6px_Ex2.vcproj", "{A7AEBA2F-3994-4462-A3E2-11E1858967B8}"
EndProject
Global
	GlobalSection(SolutionConfigurationPlatforms) = preSolution
		Debug|Win32 = Debug|Win32
		Release|Win32 = Release|Win32
	EndGlobalSection
	GlobalSection(ProjectConfigurationPlatforms) = postSolution
		{A7AEBA2F-3994-4462-A3E2-11E1858967B8}.Debug|Win32.ActiveCfg = Debug|Win32
		{A7AEBA2F-3994-4462-A3E2-11E1858967B8}.Debug|Win32.Build.0 = Debug|Win32
		{A7AEBA2F-3994-4462-A3E2-11E1858967B8}.Release|Win32.ActiveCfg = Release|Win32
		{A7AEBA2F-3994-4462-A3E2-11E1858967B8}.Release|Win32.Build.0 = Release|Win32
	EndGlobalSection
	GlobalSection(SolutionProperties) = preSolution
		HideSolutionNode = FALSE
	EndGlobalSection
EndGlobal
