
Microsoft Visual Studio Solution File, Format Version 10.00
# Visual C++ Express 2008
Project("{8BC9CEB8-8B4A-11D0-8D11-00A0C91BC942}") = "Chapter5p5_While_ex3", "Chapter5p5_While_ex3\Chapter5p5_While_ex3.vcproj", "{D25A0807-3251-4E48-B485-63C4DA11F9C8}"
EndProject
Global
	GlobalSection(SolutionConfigurationPlatforms) = preSolution
		Debug|Win32 = Debug|Win32
		Release|Win32 = Release|Win32
	EndGlobalSection
	GlobalSection(ProjectConfigurationPlatforms) = postSolution
		{D25A0807-3251-4E48-B485-63C4DA11F9C8}.Debug|Win32.ActiveCfg = Debug|Win32
		{D25A0807-3251-4E48-B485-63C4DA11F9C8}.Debug|Win32.Build.0 = Debug|Win32
		{D25A0807-3251-4E48-B485-63C4DA11F9C8}.Release|Win32.ActiveCfg = Release|Win32
		{D25A0807-3251-4E48-B485-63C4DA11F9C8}.Release|Win32.Build.0 = Release|Win32
	EndGlobalSection
	GlobalSection(SolutionProperties) = preSolution
		HideSolutionNode = FALSE
	EndGlobalSection
EndGlobal
