
Microsoft Visual Studio Solution File, Format Version 10.00
# Visual C++ Express 2008
Project("{8BC9CEB8-8B4A-11D0-8D11-00A0C91BC942}") = "Chapter5px_Quiz", "Chapter5px_Quiz\Chapter5px_Quiz.vcproj", "{4D292D6C-223D-46E1-8E35-78C38C4A7058}"
EndProject
Global
	GlobalSection(SolutionConfigurationPlatforms) = preSolution
		Debug|Win32 = Debug|Win32
		Release|Win32 = Release|Win32
	EndGlobalSection
	GlobalSection(ProjectConfigurationPlatforms) = postSolution
		{4D292D6C-223D-46E1-8E35-78C38C4A7058}.Debug|Win32.ActiveCfg = Debug|Win32
		{4D292D6C-223D-46E1-8E35-78C38C4A7058}.Debug|Win32.Build.0 = Debug|Win32
		{4D292D6C-223D-46E1-8E35-78C38C4A7058}.Release|Win32.ActiveCfg = Release|Win32
		{4D292D6C-223D-46E1-8E35-78C38C4A7058}.Release|Win32.Build.0 = Release|Win32
	EndGlobalSection
	GlobalSection(SolutionProperties) = preSolution
		HideSolutionNode = FALSE
	EndGlobalSection
EndGlobal
